{
  "name": "react-frontend-python-backend-example-plugin",
  "lockfileVersion": 3,
  "requires": true,
  "packages": {
    "": {
      "dependencies": {
        "@penpot/plugin-styles": "^1.1.0",
        "@penpot/plugin-types": "^1.1.0",
        "@pyramid-embed/embed-react": "^4.0.2"
      }
    },
    "node_modules/@penpot/plugin-styles": {
      "version": "1.1.0",
      "resolved": "https://registry.npmjs.org/@penpot/plugin-styles/-/plugin-styles-1.1.0.tgz",
      "integrity": "sha512-Y96rZ1WrDqm4YsGTWHdO0i3nqtpW9CzTMDy48ivQYHYDwx4CEQfxy9aLKeIdno4rGkQTHcdssPyKbkTxSdjP4Q=="
    },
    "node_modules/@penpot/plugin-types": {
      "version": "1.1.0",
      "resolved": "https://registry.npmjs.org/@penpot/plugin-types/-/plugin-types-1.1.0.tgz",
      "integrity": "sha512-MhdWLE0HTPDcameX0iKyyYHc+lYgn4+Hfa5SbkBq2o2Pu8v8bbjN0HwWOkSGqgAyqQj7BtlIkj/VN0kcckITlw=="
    },
    "node_modules/@pyramid-embed/embed-js": {
      "version": "4.0.0",
      "resolved": "https://registry.npmjs.org/@pyramid-embed/embed-js/-/embed-js-4.0.0.tgz",
      "integrity": "sha512-KHMqxCaM2EeK8CplhEnmbU2fHsHG7L+eRMjFgdSv15QhaZtkWGyBeSmgRz+pTVu+IdfeSxTPbpbMJg7TUKnP6w==",
      "hasInstallScript": true,
      "license": "ISC",
      "dependencies": {
        "tslib": "^2.3.1"
      }
    },
    "node_modules/@pyramid-embed/embed-react": {
      "version": "4.0.2",
      "resolved": "https://registry.npmjs.org/@pyramid-embed/embed-react/-/embed-react-4.0.2.tgz",
      "integrity": "sha512-hqSr7W3dpddPBgMI7j3sRtUf2fbgorlZn35v8d1IKqQ/nH3Ey4Zzr34N4BHVaKJwi4bpda9z9K72mydFK8gMFg==",
      "license": "ISC",
      "dependencies": {
        "@pyramid-embed/embed-js": "^4.0.0",
        "tslib": "^2.3.0"
      },
      "peerDependencies": {
        "react": ">=16.0.0",
        "react-dom": ">=16.0.0"
      }
    },
    "node_modules/react": {
      "version": "19.0.0",
      "resolved": "https://registry.npmjs.org/react/-/react-19.0.0.tgz",
      "integrity": "sha512-V8AVnmPIICiWpGfm6GLzCR/W5FXLchHop40W4nXBmdlEceh16rCN8O8LNWm5bh5XUX91fh7KpA+W0TgMKmgTpQ==",
      "license": "MIT",
      "peer": true,
      "engines": {
        "node": ">=0.10.0"
      }
    },
    "node_modules/react-dom": {
      "version": "19.0.0",
      "resolved": "https://registry.npmjs.org/react-dom/-/react-dom-19.0.0.tgz",
      "integrity": "sha512-4GV5sHFG0e/0AD4X+ySy6UJd3jVl1iNsNHdpad0qhABJ11twS3TTBnseqsKurKcsNqCEFeGL3uLpVChpIO3QfQ==",
      "license": "MIT",
      "peer": true,
      "dependencies": {
        "scheduler": "^0.25.0"
      },
      "peerDependencies": {
        "react": "^19.0.0"
      }
    },
    "node_modules/scheduler": {
      "version": "0.25.0",
      "resolved": "https://registry.npmjs.org/scheduler/-/scheduler-0.25.0.tgz",
      "integrity": "sha512-xFVuu11jh+xcO7JOAGJNOXld8/TcEHK/4CituBUeUb5hqxJLj9YuemAEuvm9gQ/+pgXYfbQuqAkiYu+u7YEsNA==",
      "license": "MIT",
      "peer": true
    },
    "node_modules/tslib": {
      "version": "2.8.1",
      "resolved": "https://registry.npmjs.org/tslib/-/tslib-2.8.1.tgz",
      "integrity": "sha512-oJFu94HQb+KVduSUQL7wnpmqnfmLsOA/nAh6b6EH0wCEoK0/mPeXU6c3wKDV83MkOuHPRHtSXKKU99IBazS/2w==",
      "license": "0BSD"
    }
  }
}
